# This file is automatically @generated by Cargo.
# It is not intended for manual editing.
version = 4

[[package]]
name = "data_type_compound"
version = "0.1.0"

[[package]]
name = "data_type_scalar"
version = "0.1.0"

[[package]]
name = "data_type_string"
version = "0.1.0"

[[package]]
name = "data_type_string_literal"
version = "0.1.0"

[[package]]
name = "ownership_basic"
version = "0.1.0"

[[package]]
name = "ownership_copy"
version = "0.1.0"

[[package]]
name = "ownership_function"
version = "0.1.0"

[[package]]
name = "ownership_return"
version = "0.1.0"

[[package]]
name = "references_basic"
version = "0.1.0"

[[package]]
name = "references_borrowing"
version = "0.1.0"

[[package]]
name = "references_dangling"
version = "0.1.0"

[[package]]
name = "references_mutable"
version = "0.1.0"

[[package]]
name = "references_slice"
version = "0.1.0"

[[package]]
name = "variables_mutable"
version = "0.1.0"

[[package]]
name = "variables_shadowing"
version = "0.1.0"
